
Microsoft Visual Studio Solution File, Format Version 12.00
# Visual Studio Version 16
VisualStudioVersion = 16.0.32126.315
MinimumVisualStudioVersion = 10.0.40219.1
Project("{FAE04EC0-301F-11D3-BF4B-00C04F79EFBC}") = "DataAccess", "DataAccess\DataAccess.csproj", "{08D1A8A1-2549-48ED-B9EE-C0AF665792EA}"
EndProject
Project("{FAE04EC0-301F-11D3-BF4B-00C04F79EFBC}") = "BLL", "BLL\BLL.csproj", "{4262BE85-124A-408F-AF13-D32369FDD816}"
EndProject
Project("{FAE04EC0-301F-11D3-BF4B-00C04F79EFBC}") = "WFA_MovieTheater", "WFA_MovieTheater\WFA_MovieTheater.csproj", "{1DDA3E37-905B-45B6-8A8E-1403D415AE37}"
EndProject
Global
	GlobalSection(SolutionConfigurationPlatforms) = preSolution
		Debug|Any CPU = Debug|Any CPU
		Release|Any CPU = Release|Any CPU
	EndGlobalSection
	GlobalSection(ProjectConfigurationPlatforms) = postSolution
		{08D1A8A1-2549-48ED-B9EE-C0AF665792EA}.Debug|Any CPU.ActiveCfg = Debug|Any CPU
		{08D1A8A1-2549-48ED-B9EE-C0AF665792EA}.Debug|Any CPU.Build.0 = Debug|Any CPU
		{08D1A8A1-2549-48ED-B9EE-C0AF665792EA}.Release|Any CPU.ActiveCfg = Release|Any CPU
		{08D1A8A1-2549-48ED-B9EE-C0AF665792EA}.Release|Any CPU.Build.0 = Release|Any CPU
		{4262BE85-124A-408F-AF13-D32369FDD816}.Debug|Any CPU.ActiveCfg = Debug|Any CPU
		{4262BE85-124A-408F-AF13-D32369FDD816}.Debug|Any CPU.Build.0 = Debug|Any CPU
		{4262BE85-124A-408F-AF13-D32369FDD816}.Release|Any CPU.ActiveCfg = Release|Any CPU
		{4262BE85-124A-408F-AF13-D32369FDD816}.Release|Any CPU.Build.0 = Release|Any CPU
		{1DDA3E37-905B-45B6-8A8E-1403D415AE37}.Debug|Any CPU.ActiveCfg = Debug|Any CPU
		{1DDA3E37-905B-45B6-8A8E-1403D415AE37}.Debug|Any CPU.Build.0 = Debug|Any CPU
		{1DDA3E37-905B-45B6-8A8E-1403D415AE37}.Release|Any CPU.ActiveCfg = Release|Any CPU
		{1DDA3E37-905B-45B6-8A8E-1403D415AE37}.Release|Any CPU.Build.0 = Release|Any CPU
	EndGlobalSection
	GlobalSection(SolutionProperties) = preSolution
		HideSolutionNode = FALSE
	EndGlobalSection
	GlobalSection(ExtensibilityGlobals) = postSolution
		SolutionGuid = {84505BF5-435A-458B-9AFD-34905C6051B2}
	EndGlobalSection
EndGlobal
